
Microsoft Visual Studio Solution File, Format Version 12.00
# Visual Studio Version 17
VisualStudioVersion = 17.8.34316.72
MinimumVisualStudioVersion = 10.0.40219.1
Project("{FAE04EC0-301F-11D3-BF4B-00C04F79EFBC}") = "RestSamples.Console", "RestSamples.Console\RestSamples.Console.csproj", "{BB6EFDDE-BD0F-4CB9-88F3-31540107D8CC}"
EndProject
Project("{FAE04EC0-301F-11D3-BF4B-00C04F79EFBC}") = "Rest.Library", "Rest.Library\Rest.Library.csproj", "{DF6F87CF-B6B8-4265-8F66-B2451E3E163E}"
EndProject
Global
	GlobalSection(SolutionConfigurationPlatforms) = preSolution
		Debug|Any CPU = Debug|Any CPU
		Release|Any CPU = Release|Any CPU
	EndGlobalSection
	GlobalSection(ProjectConfigurationPlatforms) = postSolution
		{BB6EFDDE-BD0F-4CB9-88F3-31540107D8CC}.Debug|Any CPU.ActiveCfg = Debug|Any CPU
		{BB6EFDDE-BD0F-4CB9-88F3-31540107D8CC}.Debug|Any CPU.Build.0 = Debug|Any CPU
		{BB6EFDDE-BD0F-4CB9-88F3-31540107D8CC}.Release|Any CPU.ActiveCfg = Release|Any CPU
		{BB6EFDDE-BD0F-4CB9-88F3-31540107D8CC}.Release|Any CPU.Build.0 = Release|Any CPU
		{DF6F87CF-B6B8-4265-8F66-B2451E3E163E}.Debug|Any CPU.ActiveCfg = Debug|Any CPU
		{DF6F87CF-B6B8-4265-8F66-B2451E3E163E}.Debug|Any CPU.Build.0 = Debug|Any CPU
		{DF6F87CF-B6B8-4265-8F66-B2451E3E163E}.Release|Any CPU.ActiveCfg = Release|Any CPU
		{DF6F87CF-B6B8-4265-8F66-B2451E3E163E}.Release|Any CPU.Build.0 = Release|Any CPU
	EndGlobalSection
	GlobalSection(SolutionProperties) = preSolution
		HideSolutionNode = FALSE
	EndGlobalSection
	GlobalSection(ExtensibilityGlobals) = postSolution
		SolutionGuid = {FB420CC0-A4CB-40EB-86E6-0ED3B9C81DCF}
	EndGlobalSection
EndGlobal
